
Microsoft Visual Studio Solution File, Format Version 12.00
# Visual Studio Version 17
VisualStudioVersion = 17.5.33516.290
MinimumVisualStudioVersion = 10.0.40219.1
Project("{FAE04EC0-301F-11D3-BF4B-00C04F79EFBC}") = "Laba1", "ConsoleApp1\Laba1.csproj", "{196D39DE-A682-4E2E-9EFD-8618BA701A47}"
EndProject
Project("{FAE04EC0-301F-11D3-BF4B-00C04F79EFBC}") = "Post", "Mail\Post.csproj", "{5A95D6E8-AF69-4013-949A-308C3B3CADCD}"
EndProject
Global
	GlobalSection(SolutionConfigurationPlatforms) = preSolution
		Debug|Any CPU = Debug|Any CPU
		Release|Any CPU = Release|Any CPU
	EndGlobalSection
	GlobalSection(ProjectConfigurationPlatforms) = postSolution
		{196D39DE-A682-4E2E-9EFD-8618BA701A47}.Debug|Any CPU.ActiveCfg = Debug|Any CPU
		{196D39DE-A682-4E2E-9EFD-8618BA701A47}.Debug|Any CPU.Build.0 = Debug|Any CPU
		{196D39DE-A682-4E2E-9EFD-8618BA701A47}.Release|Any CPU.ActiveCfg = Release|Any CPU
		{196D39DE-A682-4E2E-9EFD-8618BA701A47}.Release|Any CPU.Build.0 = Release|Any CPU
		{5A95D6E8-AF69-4013-949A-308C3B3CADCD}.Debug|Any CPU.ActiveCfg = Debug|Any CPU
		{5A95D6E8-AF69-4013-949A-308C3B3CADCD}.Debug|Any CPU.Build.0 = Debug|Any CPU
		{5A95D6E8-AF69-4013-949A-308C3B3CADCD}.Release|Any CPU.ActiveCfg = Release|Any CPU
		{5A95D6E8-AF69-4013-949A-308C3B3CADCD}.Release|Any CPU.Build.0 = Release|Any CPU
	EndGlobalSection
	GlobalSection(SolutionProperties) = preSolution
		HideSolutionNode = FALSE
	EndGlobalSection
	GlobalSection(ExtensibilityGlobals) = postSolution
		SolutionGuid = {358C4924-87B7-4110-B2FE-DC9DDD1CF7E4}
	EndGlobalSection
EndGlobal
