
Microsoft Visual Studio Solution File, Format Version 12.00
# Visual Studio Version 17
VisualStudioVersion = 17.5.33516.290
MinimumVisualStudioVersion = 10.0.40219.1
Project("{FAE04EC0-301F-11D3-BF4B-00C04F79EFBC}") = "laba6", "laba6\laba6.csproj", "{AD2537D1-8FDD-417B-95F0-21FCCAC2B122}"
EndProject
Project("{FAE04EC0-301F-11D3-BF4B-00C04F79EFBC}") = "da", "da\da.csproj", "{10F223D9-1183-4F25-9DE1-8ED4ACF17797}"
EndProject
Global
	GlobalSection(SolutionConfigurationPlatforms) = preSolution
		Debug|Any CPU = Debug|Any CPU
		Release|Any CPU = Release|Any CPU
	EndGlobalSection
	GlobalSection(ProjectConfigurationPlatforms) = postSolution
		{AD2537D1-8FDD-417B-95F0-21FCCAC2B122}.Debug|Any CPU.ActiveCfg = Debug|Any CPU
		{AD2537D1-8FDD-417B-95F0-21FCCAC2B122}.Debug|Any CPU.Build.0 = Debug|Any CPU
		{AD2537D1-8FDD-417B-95F0-21FCCAC2B122}.Release|Any CPU.ActiveCfg = Release|Any CPU
		{AD2537D1-8FDD-417B-95F0-21FCCAC2B122}.Release|Any CPU.Build.0 = Release|Any CPU
		{10F223D9-1183-4F25-9DE1-8ED4ACF17797}.Debug|Any CPU.ActiveCfg = Debug|Any CPU
		{10F223D9-1183-4F25-9DE1-8ED4ACF17797}.Debug|Any CPU.Build.0 = Debug|Any CPU
		{10F223D9-1183-4F25-9DE1-8ED4ACF17797}.Release|Any CPU.ActiveCfg = Release|Any CPU
		{10F223D9-1183-4F25-9DE1-8ED4ACF17797}.Release|Any CPU.Build.0 = Release|Any CPU
	EndGlobalSection
	GlobalSection(SolutionProperties) = preSolution
		HideSolutionNode = FALSE
	EndGlobalSection
	GlobalSection(ExtensibilityGlobals) = postSolution
		SolutionGuid = {15DD8171-900D-4760-9FFD-C8F90106AF54}
	EndGlobalSection
EndGlobal
